// !$*UTF8*$!
{
	archiveVersion = 1;
	classes = {
	};
	objectVersion = 46;
	objects = {

/* Begin PBXBuildFile section */
		5B64F81737C53669C6B6D5F7 /* Pods_TestMK.framework in Frameworks */ = {isa = PBXBuildFile; fileRef = 250B770C252CDF5BEDA12E86 /* Pods_TestMK.framework */; };
		64FA0268FCC8E09B2E78C94A /* Pods_TestMKTests.framework in Frameworks */ = {isa = PBXBuildFile; fileRef = 85CDEAD3CBB8AD4F45B42F74 /* Pods_TestMKTests.framework */; };
		780C927E1F179B3700F8F845 /* libsqlite3.tbd in Frameworks */ = {isa = PBXBuildFile; fileRef = 780C927D1F179B3700F8F845 /* libsqlite3.tbd */; };
		780C92841F179BE800F8F845 /* Functions.swift in Sources */ = {isa = PBXBuildFile; fileRef = 780C92831F179BE800F8F845 /* Functions.swift */; };
		785979371F190CD900259841 /* UIImageExt.swift in Sources */ = {isa = PBXBuildFile; fileRef = 785979361F190CD900259841 /* UIImageExt.swift */; };
		785979391F191BC200259841 /* ArrayExt.swift in Sources */ = {isa = PBXBuildFile; fileRef = 785979381F191BC200259841 /* ArrayExt.swift */; };
		785979411F19451A00259841 /* TestMKUITests.swift in Sources */ = {isa = PBXBuildFile; fileRef = 785979401F19451A00259841 /* TestMKUITests.swift */; };
		78DC78911F1795CA006C2B6F /* AppDelegate.swift in Sources */ = {isa = PBXBuildFile; fileRef = 78DC78901F1795CA006C2B6F /* AppDelegate.swift */; };
		78DC78931F1795CA006C2B6F /* ViewController.swift in Sources */ = {isa = PBXBuildFile; fileRef = 78DC78921F1795CA006C2B6F /* ViewController.swift */; };
		78DC78961F1795CA006C2B6F /* Main.storyboard in Resources */ = {isa = PBXBuildFile; fileRef = 78DC78941F1795CA006C2B6F /* Main.storyboard */; };
		78DC78981F1795CA006C2B6F /* Assets.xcassets in Resources */ = {isa = PBXBuildFile; fileRef = 78DC78971F1795CA006C2B6F /* Assets.xcassets */; };
		78DC789B1F1795CA006C2B6F /* LaunchScreen.storyboard in Resources */ = {isa = PBXBuildFile; fileRef = 78DC78991F1795CA006C2B6F /* LaunchScreen.storyboard */; };
		78DC78A61F1795CA006C2B6F /* TestMKTests.swift in Sources */ = {isa = PBXBuildFile; fileRef = 78DC78A51F1795CA006C2B6F /* TestMKTests.swift */; };
		78DDFB0E1F17E207009D3623 /* DriverCreateScreen.swift in Sources */ = {isa = PBXBuildFile; fileRef = 78DDFB0D1F17E207009D3623 /* DriverCreateScreen.swift */; };
		78DDFB121F17E266009D3623 /* CarsChoose.storyboard in Resources */ = {isa = PBXBuildFile; fileRef = 78DDFB111F17E266009D3623 /* CarsChoose.storyboard */; };
		78DDFB161F17F5F7009D3623 /* CarsChoose.swift in Sources */ = {isa = PBXBuildFile; fileRef = 78DDFB151F17F5F7009D3623 /* CarsChoose.swift */; };
		78DDFB191F17FB3F009D3623 /* Database.swift in Sources */ = {isa = PBXBuildFile; fileRef = 78DDFB181F17FB3F009D3623 /* Database.swift */; };
		78DDFB1D1F17FC5A009D3623 /* libsqlite3.0.tbd in Frameworks */ = {isa = PBXBuildFile; fileRef = 78DDFB1C1F17FC5A009D3623 /* libsqlite3.0.tbd */; };
		78DDFB1F1F180A31009D3623 /* Result.swift in Sources */ = {isa = PBXBuildFile; fileRef = 78DDFB1E1F180A31009D3623 /* Result.swift */; };
		78E1C5691F179D1C00904364 /* Storyboards.swift in Sources */ = {isa = PBXBuildFile; fileRef = 78E1C5681F179D1C00904364 /* Storyboards.swift */; };
		78E1C5701F17A5F700904364 /* CarsScreen.storyboard in Resources */ = {isa = PBXBuildFile; fileRef = 78E1C56F1F17A5F700904364 /* CarsScreen.storyboard */; };
		78E1C5721F17A60200904364 /* DriversScreen.storyboard in Resources */ = {isa = PBXBuildFile; fileRef = 78E1C5711F17A60200904364 /* DriversScreen.storyboard */; };
		78E1C5741F17A7B100904364 /* CarsScreen.swift in Sources */ = {isa = PBXBuildFile; fileRef = 78E1C5731F17A7B100904364 /* CarsScreen.swift */; };
		78E1C5791F17A99D00904364 /* CarsInfo.swift in Sources */ = {isa = PBXBuildFile; fileRef = 78E1C5781F17A99D00904364 /* CarsInfo.swift */; };
		78E1C57D1F17AB5A00904364 /* CarsInfoCell.swift in Sources */ = {isa = PBXBuildFile; fileRef = 78E1C57B1F17AB5A00904364 /* CarsInfoCell.swift */; };
		78E1C57E1F17AB5A00904364 /* CarsInfoCell.xib in Resources */ = {isa = PBXBuildFile; fileRef = 78E1C57C1F17AB5A00904364 /* CarsInfoCell.xib */; };
		78E1C5801F17ADC200904364 /* Cells.swift in Sources */ = {isa = PBXBuildFile; fileRef = 78E1C57F1F17ADC200904364 /* Cells.swift */; };
		78E1C5861F17BA6C00904364 /* CarsCreateScreen.storyboard in Resources */ = {isa = PBXBuildFile; fileRef = 78E1C5851F17BA6C00904364 /* CarsCreateScreen.storyboard */; };
		78E1C5881F17BEE200904364 /* DriversScreen.swift in Sources */ = {isa = PBXBuildFile; fileRef = 78E1C5871F17BEE200904364 /* DriversScreen.swift */; };
		78E1C58A1F17BFBA00904364 /* DriverInfo.swift in Sources */ = {isa = PBXBuildFile; fileRef = 78E1C5891F17BFBA00904364 /* DriverInfo.swift */; };
		78E1C58D1F17C16300904364 /* DriverCreateScreen.storyboard in Resources */ = {isa = PBXBuildFile; fileRef = 78E1C58C1F17C16300904364 /* DriverCreateScreen.storyboard */; };
		78E1C5941F17C37B00904364 /* DriverInfoCell.swift in Sources */ = {isa = PBXBuildFile; fileRef = 78E1C5921F17C37B00904364 /* DriverInfoCell.swift */; };
		78E1C5951F17C37B00904364 /* DriverInfoCell.xib in Resources */ = {isa = PBXBuildFile; fileRef = 78E1C5931F17C37B00904364 /* DriverInfoCell.xib */; };
		78E1C5991F17CE1900904364 /* CarsCreateScreen.swift in Sources */ = {isa = PBXBuildFile; fileRef = 78E1C5981F17CE1900904364 /* CarsCreateScreen.swift */; };
/* End PBXBuildFile section */

/* Begin PBXContainerItemProxy section */
		785979431F19451A00259841 /* PBXContainerItemProxy */ = {
			isa = PBXContainerItemProxy;
			containerPortal = 78DC78851F1795CA006C2B6F /* Project object */;
			proxyType = 1;
			remoteGlobalIDString = 78DC788C1F1795CA006C2B6F;
			remoteInfo = TestMK;
		};
		78DC78A21F1795CA006C2B6F /* PBXContainerItemProxy */ = {
			isa = PBXContainerItemProxy;
			containerPortal = 78DC78851F1795CA006C2B6F /* Project object */;
			proxyType = 1;
			remoteGlobalIDString = 78DC788C1F1795CA006C2B6F;
			remoteInfo = TestMK;
		};
/* End PBXContainerItemProxy section */

/* Begin PBXFileReference section */
		250B770C252CDF5BEDA12E86 /* Pods_TestMK.framework */ = {isa = PBXFileReference; explicitFileType = wrapper.framework; includeInIndex = 0; path = Pods_TestMK.framework; sourceTree = BUILT_PRODUCTS_DIR; };
		28E7FF8F73A5EB04F4311CE4 /* Pods-TestMKTests.debug.xcconfig */ = {isa = PBXFileReference; includeInIndex = 1; lastKnownFileType = text.xcconfig; name = "Pods-TestMKTests.debug.xcconfig"; path = "Pods/Target Support Files/Pods-TestMKTests/Pods-TestMKTests.debug.xcconfig"; sourceTree = "<group>"; };
		780C927D1F179B3700F8F845 /* libsqlite3.tbd */ = {isa = PBXFileReference; lastKnownFileType = "sourcecode.text-based-dylib-definition"; name = libsqlite3.tbd; path = usr/lib/libsqlite3.tbd; sourceTree = SDKROOT; };
		780C92831F179BE800F8F845 /* Functions.swift */ = {isa = PBXFileReference; fileEncoding = 4; lastKnownFileType = sourcecode.swift; path = Functions.swift; sourceTree = "<group>"; };
		785979361F190CD900259841 /* UIImageExt.swift */ = {isa = PBXFileReference; fileEncoding = 4; lastKnownFileType = sourcecode.swift; path = UIImageExt.swift; sourceTree = "<group>"; };
		785979381F191BC200259841 /* ArrayExt.swift */ = {isa = PBXFileReference; fileEncoding = 4; lastKnownFileType = sourcecode.swift; path = ArrayExt.swift; sourceTree = "<group>"; };
		7859793E1F19451A00259841 /* TestMKUITests.xctest */ = {isa = PBXFileReference; explicitFileType = wrapper.cfbundle; includeInIndex = 0; path = TestMKUITests.xctest; sourceTree = BUILT_PRODUCTS_DIR; };
		785979401F19451A00259841 /* TestMKUITests.swift */ = {isa = PBXFileReference; lastKnownFileType = sourcecode.swift; path = TestMKUITests.swift; sourceTree = "<group>"; };
		785979421F19451A00259841 /* Info.plist */ = {isa = PBXFileReference; lastKnownFileType = text.plist.xml; path = Info.plist; sourceTree = "<group>"; };
		78DC788D1F1795CA006C2B6F /* TestMK.app */ = {isa = PBXFileReference; explicitFileType = wrapper.application; includeInIndex = 0; path = TestMK.app; sourceTree = BUILT_PRODUCTS_DIR; };
		78DC78901F1795CA006C2B6F /* AppDelegate.swift */ = {isa = PBXFileReference; lastKnownFileType = sourcecode.swift; path = AppDelegate.swift; sourceTree = "<group>"; };
		78DC78921F1795CA006C2B6F /* ViewController.swift */ = {isa = PBXFileReference; lastKnownFileType = sourcecode.swift; path = ViewController.swift; sourceTree = "<group>"; };
		78DC78951F1795CA006C2B6F /* Base */ = {isa = PBXFileReference; lastKnownFileType = file.storyboard; name = Base; path = Base.lproj/Main.storyboard; sourceTree = "<group>"; };
		78DC78971F1795CA006C2B6F /* Assets.xcassets */ = {isa = PBXFileReference; lastKnownFileType = folder.assetcatalog; path = Assets.xcassets; sourceTree = "<group>"; };
		78DC789A1F1795CA006C2B6F /* Base */ = {isa = PBXFileReference; lastKnownFileType = file.storyboard; name = Base; path = Base.lproj/LaunchScreen.storyboard; sourceTree = "<group>"; };
		78DC789C1F1795CA006C2B6F /* Info.plist */ = {isa = PBXFileReference; lastKnownFileType = text.plist.xml; path = Info.plist; sourceTree = "<group>"; };
		78DC78A11F1795CA006C2B6F /* TestMKTests.xctest */ = {isa = PBXFileReference; explicitFileType = wrapper.cfbundle; includeInIndex = 0; path = TestMKTests.xctest; sourceTree = BUILT_PRODUCTS_DIR; };
		78DC78A51F1795CA006C2B6F /* TestMKTests.swift */ = {isa = PBXFileReference; lastKnownFileType = sourcecode.swift; path = TestMKTests.swift; sourceTree = "<group>"; };
		78DC78A71F1795CA006C2B6F /* Info.plist */ = {isa = PBXFileReference; lastKnownFileType = text.plist.xml; path = Info.plist; sourceTree = "<group>"; };
		78DDFB0D1F17E207009D3623 /* DriverCreateScreen.swift */ = {isa = PBXFileReference; fileEncoding = 4; lastKnownFileType = sourcecode.swift; path = DriverCreateScreen.swift; sourceTree = "<group>"; };
		78DDFB111F17E266009D3623 /* CarsChoose.storyboard */ = {isa = PBXFileReference; fileEncoding = 4; lastKnownFileType = file.storyboard; path = CarsChoose.storyboard; sourceTree = "<group>"; };
		78DDFB151F17F5F7009D3623 /* CarsChoose.swift */ = {isa = PBXFileReference; fileEncoding = 4; lastKnownFileType = sourcecode.swift; path = CarsChoose.swift; sourceTree = "<group>"; };
		78DDFB181F17FB3F009D3623 /* Database.swift */ = {isa = PBXFileReference; fileEncoding = 4; lastKnownFileType = sourcecode.swift; path = Database.swift; sourceTree = "<group>"; };
		78DDFB1A1F17FBF5009D3623 /* TestMK-Bridging-Header.h */ = {isa = PBXFileReference; lastKnownFileType = sourcecode.c.h; path = "TestMK-Bridging-Header.h"; sourceTree = "<group>"; };
		78DDFB1C1F17FC5A009D3623 /* libsqlite3.0.tbd */ = {isa = PBXFileReference; lastKnownFileType = "sourcecode.text-based-dylib-definition"; name = libsqlite3.0.tbd; path = usr/lib/libsqlite3.0.tbd; sourceTree = SDKROOT; };
		78DDFB1E1F180A31009D3623 /* Result.swift */ = {isa = PBXFileReference; fileEncoding = 4; lastKnownFileType = sourcecode.swift; path = Result.swift; sourceTree = "<group>"; };
		78E1C5681F179D1C00904364 /* Storyboards.swift */ = {isa = PBXFileReference; fileEncoding = 4; lastKnownFileType = sourcecode.swift; path = Storyboards.swift; sourceTree = "<group>"; };
		78E1C56F1F17A5F700904364 /* CarsScreen.storyboard */ = {isa = PBXFileReference; fileEncoding = 4; lastKnownFileType = file.storyboard; path = CarsScreen.storyboard; sourceTree = "<group>"; };
		78E1C5711F17A60200904364 /* DriversScreen.storyboard */ = {isa = PBXFileReference; fileEncoding = 4; lastKnownFileType = file.storyboard; path = DriversScreen.storyboard; sourceTree = "<group>"; };
		78E1C5731F17A7B100904364 /* CarsScreen.swift */ = {isa = PBXFileReference; fileEncoding = 4; lastKnownFileType = sourcecode.swift; path = CarsScreen.swift; sourceTree = "<group>"; };
		78E1C5781F17A99D00904364 /* CarsInfo.swift */ = {isa = PBXFileReference; fileEncoding = 4; lastKnownFileType = sourcecode.swift; path = CarsInfo.swift; sourceTree = "<group>"; };
		78E1C57B1F17AB5A00904364 /* CarsInfoCell.swift */ = {isa = PBXFileReference; fileEncoding = 4; lastKnownFileType = sourcecode.swift; path = CarsInfoCell.swift; sourceTree = "<group>"; };
		78E1C57C1F17AB5A00904364 /* CarsInfoCell.xib */ = {isa = PBXFileReference; fileEncoding = 4; lastKnownFileType = file.xib; path = CarsInfoCell.xib; sourceTree = "<group>"; };
		78E1C57F1F17ADC200904364 /* Cells.swift */ = {isa = PBXFileReference; fileEncoding = 4; lastKnownFileType = sourcecode.swift; path = Cells.swift; sourceTree = "<group>"; };
		78E1C5851F17BA6C00904364 /* CarsCreateScreen.storyboard */ = {isa = PBXFileReference; fileEncoding = 4; lastKnownFileType = file.storyboard; path = CarsCreateScreen.storyboard; sourceTree = "<group>"; };
		78E1C5871F17BEE200904364 /* DriversScreen.swift */ = {isa = PBXFileReference; fileEncoding = 4; lastKnownFileType = sourcecode.swift; path = DriversScreen.swift; sourceTree = "<group>"; };
		78E1C5891F17BFBA00904364 /* DriverInfo.swift */ = {isa = PBXFileReference; fileEncoding = 4; lastKnownFileType = sourcecode.swift; path = DriverInfo.swift; sourceTree = "<group>"; };
		78E1C58C1F17C16300904364 /* DriverCreateScreen.storyboard */ = {isa = PBXFileReference; fileEncoding = 4; lastKnownFileType = file.storyboard; path = DriverCreateScreen.storyboard; sourceTree = "<group>"; };
		78E1C5921F17C37B00904364 /* DriverInfoCell.swift */ = {isa = PBXFileReference; fileEncoding = 4; lastKnownFileType = sourcecode.swift; path = DriverInfoCell.swift; sourceTree = "<group>"; };
		78E1C5931F17C37B00904364 /* DriverInfoCell.xib */ = {isa = PBXFileReference; fileEncoding = 4; lastKnownFileType = file.xib; path = DriverInfoCell.xib; sourceTree = "<group>"; };
		78E1C5981F17CE1900904364 /* CarsCreateScreen.swift */ = {isa = PBXFileReference; fileEncoding = 4; lastKnownFileType = sourcecode.swift; path = CarsCreateScreen.swift; sourceTree = "<group>"; };
		852424CE6FAEBF53A965C8F3 /* Pods-TestMK.debug.xcconfig */ = {isa = PBXFileReference; includeInIndex = 1; lastKnownFileType = text.xcconfig; name = "Pods-TestMK.debug.xcconfig"; path = "Pods/Target Support Files/Pods-TestMK/Pods-TestMK.debug.xcconfig"; sourceTree = "<group>"; };
		85CDEAD3CBB8AD4F45B42F74 /* Pods_TestMKTests.framework */ = {isa = PBXFileReference; explicitFileType = wrapper.framework; includeInIndex = 0; path = Pods_TestMKTests.framework; sourceTree = BUILT_PRODUCTS_DIR; };
		BA29615070E90A12F6137D24 /* Pods-TestMK.release.xcconfig */ = {isa = PBXFileReference; includeInIndex = 1; lastKnownFileType = text.xcconfig; name = "Pods-TestMK.release.xcconfig"; path = "Pods/Target Support Files/Pods-TestMK/Pods-TestMK.release.xcconfig"; sourceTree = "<group>"; };
		DEADA3A29940339BDE6831C4 /* Pods-TestMKTests.release.xcconfig */ = {isa = PBXFileReference; includeInIndex = 1; lastKnownFileType = text.xcconfig; name = "Pods-TestMKTests.release.xcconfig"; path = "Pods/Target Support Files/Pods-TestMKTests/Pods-TestMKTests.release.xcconfig"; sourceTree = "<group>"; };
/* End PBXFileReference section */

/* Begin PBXFrameworksBuildPhase section */
		7859793B1F19451A00259841 /* Frameworks */ = {
			isa = PBXFrameworksBuildPhase;
			buildActionMask = 2147483647;
			files = (
			);
			runOnlyForDeploymentPostprocessing = 0;
		};
		78DC788A1F1795CA006C2B6F /* Frameworks */ = {
			isa = PBXFrameworksBuildPhase;
			buildActionMask = 2147483647;
			files = (
				78DDFB1D1F17FC5A009D3623 /* libsqlite3.0.tbd in Frameworks */,
				780C927E1F179B3700F8F845 /* libsqlite3.tbd in Frameworks */,
				5B64F81737C53669C6B6D5F7 /* Pods_TestMK.framework in Frameworks */,
			);
			runOnlyForDeploymentPostprocessing = 0;
		};
		78DC789E1F1795CA006C2B6F /* Frameworks */ = {
			isa = PBXFrameworksBuildPhase;
			buildActionMask = 2147483647;
			files = (
				64FA0268FCC8E09B2E78C94A /* Pods_TestMKTests.framework in Frameworks */,
			);
			runOnlyForDeploymentPostprocessing = 0;
		};
/* End PBXFrameworksBuildPhase section */

/* Begin PBXGroup section */
		19FB268D5D433567795E8B49 /* Pods */ = {
			isa = PBXGroup;
			children = (
				852424CE6FAEBF53A965C8F3 /* Pods-TestMK.debug.xcconfig */,
				BA29615070E90A12F6137D24 /* Pods-TestMK.release.xcconfig */,
				28E7FF8F73A5EB04F4311CE4 /* Pods-TestMKTests.debug.xcconfig */,
				DEADA3A29940339BDE6831C4 /* Pods-TestMKTests.release.xcconfig */,
			);
			name = Pods;
			sourceTree = "<group>";
		};
		3608D05B074590214F19E9AC /* Frameworks */ = {
			isa = PBXGroup;
			children = (
				78DDFB1C1F17FC5A009D3623 /* libsqlite3.0.tbd */,
				780C927D1F179B3700F8F845 /* libsqlite3.tbd */,
				250B770C252CDF5BEDA12E86 /* Pods_TestMK.framework */,
				85CDEAD3CBB8AD4F45B42F74 /* Pods_TestMKTests.framework */,
			);
			name = Frameworks;
			sourceTree = "<group>";
		};
		780C927F1F179B4300F8F845 /* Other */ = {
			isa = PBXGroup;
			children = (
				78DDFB1A1F17FBF5009D3623 /* TestMK-Bridging-Header.h */,
				785979361F190CD900259841 /* UIImageExt.swift */,
				785979381F191BC200259841 /* ArrayExt.swift */,
				78DC78901F1795CA006C2B6F /* AppDelegate.swift */,
				78DC78971F1795CA006C2B6F /* Assets.xcassets */,
				78DC78991F1795CA006C2B6F /* LaunchScreen.storyboard */,
				78DC789C1F1795CA006C2B6F /* Info.plist */,
			);
			name = Other;
			sourceTree = "<group>";
		};
		780C92801F179B4B00F8F845 /* MainScreen */ = {
			isa = PBXGroup;
			children = (
				78DC78941F1795CA006C2B6F /* Main.storyboard */,
				78DC78921F1795CA006C2B6F /* ViewController.swift */,
			);
			name = MainScreen;
			sourceTree = "<group>";
		};
		780C92821F179BD700F8F845 /* Global */ = {
			isa = PBXGroup;
			children = (
				78E1C5771F17A98B00904364 /* Info */,
				780C92831F179BE800F8F845 /* Functions.swift */,
				78E1C5681F179D1C00904364 /* Storyboards.swift */,
				78E1C57F1F17ADC200904364 /* Cells.swift */,
				78DDFB1E1F180A31009D3623 /* Result.swift */,
			);
			name = Global;
			sourceTree = "<group>";
		};
		7859793F1F19451A00259841 /* TestMKUITests */ = {
			isa = PBXGroup;
			children = (
				785979401F19451A00259841 /* TestMKUITests.swift */,
				785979421F19451A00259841 /* Info.plist */,
			);
			path = TestMKUITests;
			sourceTree = "<group>";
		};
		78DC78841F1795CA006C2B6F = {
			isa = PBXGroup;
			children = (
				78DC788F1F1795CA006C2B6F /* TestMK */,
				78DC78A41F1795CA006C2B6F /* TestMKTests */,
				7859793F1F19451A00259841 /* TestMKUITests */,
				78DC788E1F1795CA006C2B6F /* Products */,
				19FB268D5D433567795E8B49 /* Pods */,
				3608D05B074590214F19E9AC /* Frameworks */,
			);
			sourceTree = "<group>";
		};
		78DC788E1F1795CA006C2B6F /* Products */ = {
			isa = PBXGroup;
			children = (
				78DC788D1F1795CA006C2B6F /* TestMK.app */,
				78DC78A11F1795CA006C2B6F /* TestMKTests.xctest */,
				7859793E1F19451A00259841 /* TestMKUITests.xctest */,
			);
			name = Products;
			sourceTree = "<group>";
		};
		78DC788F1F1795CA006C2B6F /* TestMK */ = {
			isa = PBXGroup;
			children = (
				780C92821F179BD700F8F845 /* Global */,
				78DDFB171F17FB2B009D3623 /* Database */,
				780C92801F179B4B00F8F845 /* MainScreen */,
				78E1C56B1F17A32100904364 /* CarsScreen */,
				78E1C5841F17BA5800904364 /* CarsCreateScreen */,
				78DDFB101F17E24D009D3623 /* CarsChooseScreen */,
				78E1C56A1F17A31800904364 /* DriversScreen */,
				78E1C58B1F17C14E00904364 /* DriverCreateScreen */,
				780C927F1F179B4300F8F845 /* Other */,
			);
			path = TestMK;
			sourceTree = "<group>";
		};
		78DC78A41F1795CA006C2B6F /* TestMKTests */ = {
			isa = PBXGroup;
			children = (
				78DC78A51F1795CA006C2B6F /* TestMKTests.swift */,
				78DC78A71F1795CA006C2B6F /* Info.plist */,
			);
			path = TestMKTests;
			sourceTree = "<group>";
		};
		78DDFB101F17E24D009D3623 /* CarsChooseScreen */ = {
			isa = PBXGroup;
			children = (
				78DDFB111F17E266009D3623 /* CarsChoose.storyboard */,
				78DDFB151F17F5F7009D3623 /* CarsChoose.swift */,
			);
			name = CarsChooseScreen;
			sourceTree = "<group>";
		};
		78DDFB171F17FB2B009D3623 /* Database */ = {
			isa = PBXGroup;
			children = (
				78DDFB181F17FB3F009D3623 /* Database.swift */,
			);
			name = Database;
			sourceTree = "<group>";
		};
		78E1C56A1F17A31800904364 /* DriversScreen */ = {
			isa = PBXGroup;
			children = (
				78E1C5711F17A60200904364 /* DriversScreen.storyboard */,
				78E1C5871F17BEE200904364 /* DriversScreen.swift */,
				78E1C5911F17C35700904364 /* Cell */,
			);
			name = DriversScreen;
			sourceTree = "<group>";
		};
		78E1C56B1F17A32100904364 /* CarsScreen */ = {
			isa = PBXGroup;
			children = (
				78E1C56F1F17A5F700904364 /* CarsScreen.storyboard */,
				78E1C5731F17A7B100904364 /* CarsScreen.swift */,
				78E1C57A1F17AB3B00904364 /* Cells */,
			);
			name = CarsScreen;
			sourceTree = "<group>";
		};
		78E1C5771F17A98B00904364 /* Info */ = {
			isa = PBXGroup;
			children = (
				78E1C5781F17A99D00904364 /* CarsInfo.swift */,
				78E1C5891F17BFBA00904364 /* DriverInfo.swift */,
			);
			name = Info;
			sourceTree = "<group>";
		};
		78E1C57A1F17AB3B00904364 /* Cells */ = {
			isa = PBXGroup;
			children = (
				78E1C57C1F17AB5A00904364 /* CarsInfoCell.xib */,
				78E1C57B1F17AB5A00904364 /* CarsInfoCell.swift */,
			);
			name = Cells;
			sourceTree = "<group>";
		};
		78E1C5841F17BA5800904364 /* CarsCreateScreen */ = {
			isa = PBXGroup;
			children = (
				78E1C5851F17BA6C00904364 /* CarsCreateScreen.storyboard */,
				78E1C5981F17CE1900904364 /* CarsCreateScreen.swift */,
			);
			name = CarsCreateScreen;
			sourceTree = "<group>";
		};
		78E1C58B1F17C14E00904364 /* DriverCreateScreen */ = {
			isa = PBXGroup;
			children = (
				78E1C58C1F17C16300904364 /* DriverCreateScreen.storyboard */,
				78DDFB0D1F17E207009D3623 /* DriverCreateScreen.swift */,
			);
			name = DriverCreateScreen;
			sourceTree = "<group>";
		};
		78E1C5911F17C35700904364 /* Cell */ = {
			isa = PBXGroup;
			children = (
				78E1C5931F17C37B00904364 /* DriverInfoCell.xib */,
				78E1C5921F17C37B00904364 /* DriverInfoCell.swift */,
			);
			name = Cell;
			sourceTree = "<group>";
		};
/* End PBXGroup section */

/* Begin PBXNativeTarget section */
		7859793D1F19451A00259841 /* TestMKUITests */ = {
			isa = PBXNativeTarget;
			buildConfigurationList = 785979471F19451A00259841 /* Build configuration list for PBXNativeTarget "TestMKUITests" */;
			buildPhases = (
				7859793A1F19451A00259841 /* Sources */,
				7859793B1F19451A00259841 /* Frameworks */,
				7859793C1F19451A00259841 /* Resources */,
			);
			buildRules = (
			);
			dependencies = (
				785979441F19451A00259841 /* PBXTargetDependency */,
			);
			name = TestMKUITests;
			productName = TestMKUITests;
			productReference = 7859793E1F19451A00259841 /* TestMKUITests.xctest */;
			productType = "com.apple.product-type.bundle.ui-testing";
		};
		78DC788C1F1795CA006C2B6F /* TestMK */ = {
			isa = PBXNativeTarget;
			buildConfigurationList = 78DC78AA1F1795CA006C2B6F /* Build configuration list for PBXNativeTarget "TestMK" */;
			buildPhases = (
				1E864AAD9FEEC9D01B0C59DF /* [CP] Check Pods Manifest.lock */,
				780C927C1F179B0800F8F845 /* ShellScript */,
				78DC78891F1795CA006C2B6F /* Sources */,
				78DC788A1F1795CA006C2B6F /* Frameworks */,
				78DC788B1F1795CA006C2B6F /* Resources */,
				6D21D4E963315FA7877F029E /* [CP] Embed Pods Frameworks */,
				1646AD2DDB70F15CC47FF4D5 /* [CP] Copy Pods Resources */,
			);
			buildRules = (
			);
			dependencies = (
			);
			name = TestMK;
			productName = TestMK;
			productReference = 78DC788D1F1795CA006C2B6F /* TestMK.app */;
			productType = "com.apple.product-type.application";
		};
		78DC78A01F1795CA006C2B6F /* TestMKTests */ = {
			isa = PBXNativeTarget;
			buildConfigurationList = 78DC78AD1F1795CA006C2B6F /* Build configuration list for PBXNativeTarget "TestMKTests" */;
			buildPhases = (
				AC6E7517FB71F849B18B59C8 /* [CP] Check Pods Manifest.lock */,
				78DC789D1F1795CA006C2B6F /* Sources */,
				78DC789E1F1795CA006C2B6F /* Frameworks */,
				78DC789F1F1795CA006C2B6F /* Resources */,
				3FD5419D85C0F9B978034676 /* [CP] Embed Pods Frameworks */,
				B65779B351107C5D9BEA631B /* [CP] Copy Pods Resources */,
			);
			buildRules = (
			);
			dependencies = (
				78DC78A31F1795CA006C2B6F /* PBXTargetDependency */,
			);
			name = TestMKTests;
			productName = TestMKTests;
			productReference = 78DC78A11F1795CA006C2B6F /* TestMKTests.xctest */;
			productType = "com.apple.product-type.bundle.unit-test";
		};
/* End PBXNativeTarget section */

/* Begin PBXProject section */
		78DC78851F1795CA006C2B6F /* Project object */ = {
			isa = PBXProject;
			attributes = {
				LastSwiftUpdateCheck = 0830;
				LastUpgradeCheck = 0830;
				ORGANIZATIONNAME = "Dima Gubatenko";
				TargetAttributes = {
					7859793D1F19451A00259841 = {
						CreatedOnToolsVersion = 8.3.3;
						ProvisioningStyle = Manual;
						TestTargetID = 78DC788C1F1795CA006C2B6F;
					};
					78DC788C1F1795CA006C2B6F = {
						CreatedOnToolsVersion = 8.3.3;
						LastSwiftMigration = 0830;
						ProvisioningStyle = Manual;
					};
					78DC78A01F1795CA006C2B6F = {
						CreatedOnToolsVersion = 8.3.3;
						ProvisioningStyle = Automatic;
						TestTargetID = 78DC788C1F1795CA006C2B6F;
					};
				};
			};
			buildConfigurationList = 78DC78881F1795CA006C2B6F /* Build configuration list for PBXProject "TestMK" */;
			compatibilityVersion = "Xcode 3.2";
			developmentRegion = English;
			hasScannedForEncodings = 0;
			knownRegions = (
				en,
				Base,
			);
			mainGroup = 78DC78841F1795CA006C2B6F;
			productRefGroup = 78DC788E1F1795CA006C2B6F /* Products */;
			projectDirPath = "";
			projectRoot = "";
			targets = (
				78DC788C1F1795CA006C2B6F /* TestMK */,
				78DC78A01F1795CA006C2B6F /* TestMKTests */,
				7859793D1F19451A00259841 /* TestMKUITests */,
			);
		};
/* End PBXProject section */

/* Begin PBXResourcesBuildPhase section */
		7859793C1F19451A00259841 /* Resources */ = {
			isa = PBXResourcesBuildPhase;
			buildActionMask = 2147483647;
			files = (
			);
			runOnlyForDeploymentPostprocessing = 0;
		};
		78DC788B1F1795CA006C2B6F /* Resources */ = {
			isa = PBXResourcesBuildPhase;
			buildActionMask = 2147483647;
			files = (
				78DC789B1F1795CA006C2B6F /* LaunchScreen.storyboard in Resources */,
				78E1C58D1F17C16300904364 /* DriverCreateScreen.storyboard in Resources */,
				78DDFB121F17E266009D3623 /* CarsChoose.storyboard in Resources */,
				78E1C5701F17A5F700904364 /* CarsScreen.storyboard in Resources */,
				78E1C57E1F17AB5A00904364 /* CarsInfoCell.xib in Resources */,
				78DC78981F1795CA006C2B6F /* Assets.xcassets in Resources */,
				78E1C5951F17C37B00904364 /* DriverInfoCell.xib in Resources */,
				78DC78961F1795CA006C2B6F /* Main.storyboard in Resources */,
				78E1C5721F17A60200904364 /* DriversScreen.storyboard in Resources */,
				78E1C5861F17BA6C00904364 /* CarsCreateScreen.storyboard in Resources */,
			);
			runOnlyForDeploymentPostprocessing = 0;
		};
		78DC789F1F1795CA006C2B6F /* Resources */ = {
			isa = PBXResourcesBuildPhase;
			buildActionMask = 2147483647;
			files = (
			);
			runOnlyForDeploymentPostprocessing = 0;
		};
/* End PBXResourcesBuildPhase section */

/* Begin PBXShellScriptBuildPhase section */
		1646AD2DDB70F15CC47FF4D5 /* [CP] Copy Pods Resources */ = {
			isa = PBXShellScriptBuildPhase;
			buildActionMask = 2147483647;
			files = (
			);
			inputPaths = (
			);
			name = "[CP] Copy Pods Resources";
			outputPaths = (
			);
			runOnlyForDeploymentPostprocessing = 0;
			shellPath = /bin/sh;
			shellScript = "\"${SRCROOT}/Pods/Target Support Files/Pods-TestMK/Pods-TestMK-resources.sh\"\n";
			showEnvVarsInLog = 0;
		};
		1E864AAD9FEEC9D01B0C59DF /* [CP] Check Pods Manifest.lock */ = {
			isa = PBXShellScriptBuildPhase;
			buildActionMask = 2147483647;
			files = (
			);
			inputPaths = (
			);
			name = "[CP] Check Pods Manifest.lock";
			outputPaths = (
			);
			runOnlyForDeploymentPostprocessing = 0;
			shellPath = /bin/sh;
			shellScript = "diff \"${PODS_PODFILE_DIR_PATH}/Podfile.lock\" \"${PODS_ROOT}/Manifest.lock\" > /dev/null\nif [ $? != 0 ] ; then\n    # print error to STDERR\n    echo \"error: The sandbox is not in sync with the Podfile.lock. Run 'pod install' or update your CocoaPods installation.\" >&2\n    exit 1\nfi\n";
			showEnvVarsInLog = 0;
		};
		3FD5419D85C0F9B978034676 /* [CP] Embed Pods Frameworks */ = {
			isa = PBXShellScriptBuildPhase;
			buildActionMask = 2147483647;
			files = (
			);
			inputPaths = (
			);
			name = "[CP] Embed Pods Frameworks";
			outputPaths = (
			);
			runOnlyForDeploymentPostprocessing = 0;
			shellPath = /bin/sh;
			shellScript = "\"${SRCROOT}/Pods/Target Support Files/Pods-TestMKTests/Pods-TestMKTests-frameworks.sh\"\n";
			showEnvVarsInLog = 0;
		};
		6D21D4E963315FA7877F029E /* [CP] Embed Pods Frameworks */ = {
			isa = PBXShellScriptBuildPhase;
			buildActionMask = 2147483647;
			files = (
			);
			inputPaths = (
			);
			name = "[CP] Embed Pods Frameworks";
			outputPaths = (
			);
			runOnlyForDeploymentPostprocessing = 0;
			shellPath = /bin/sh;
			shellScript = "\"${SRCROOT}/Pods/Target Support Files/Pods-TestMK/Pods-TestMK-frameworks.sh\"\n";
			showEnvVarsInLog = 0;
		};
		780C927C1F179B0800F8F845 /* ShellScript */ = {
			isa = PBXShellScriptBuildPhase;
			buildActionMask = 2147483647;
			files = (
			);
			inputPaths = (
			);
			outputPaths = (
			);
			runOnlyForDeploymentPostprocessing = 0;
			shellPath = /bin/sh;
			shellScript = "\"${PODS_ROOT}/SwiftLint/swiftlint\"";
		};
		AC6E7517FB71F849B18B59C8 /* [CP] Check Pods Manifest.lock */ = {
			isa = PBXShellScriptBuildPhase;
			buildActionMask = 2147483647;
			files = (
			);
			inputPaths = (
			);
			name = "[CP] Check Pods Manifest.lock";
			outputPaths = (
			);
			runOnlyForDeploymentPostprocessing = 0;
			shellPath = /bin/sh;
			shellScript = "diff \"${PODS_PODFILE_DIR_PATH}/Podfile.lock\" \"${PODS_ROOT}/Manifest.lock\" > /dev/null\nif [ $? != 0 ] ; then\n    # print error to STDERR\n    echo \"error: The sandbox is not in sync with the Podfile.lock. Run 'pod install' or update your CocoaPods installation.\" >&2\n    exit 1\nfi\n";
			showEnvVarsInLog = 0;
		};
		B65779B351107C5D9BEA631B /* [CP] Copy Pods Resources */ = {
			isa = PBXShellScriptBuildPhase;
			buildActionMask = 2147483647;
			files = (
			);
			inputPaths = (
			);
			name = "[CP] Copy Pods Resources";
			outputPaths = (
			);
			runOnlyForDeploymentPostprocessing = 0;
			shellPath = /bin/sh;
			shellScript = "\"${SRCROOT}/Pods/Target Support Files/Pods-TestMKTests/Pods-TestMKTests-resources.sh\"\n";
			showEnvVarsInLog = 0;
		};
/* End PBXShellScriptBuildPhase section */

/* Begin PBXSourcesBuildPhase section */
		7859793A1F19451A00259841 /* Sources */ = {
			isa = PBXSourcesBuildPhase;
			buildActionMask = 2147483647;
			files = (
				785979411F19451A00259841 /* TestMKUITests.swift in Sources */,
			);
			runOnlyForDeploymentPostprocessing = 0;
		};
		78DC78891F1795CA006C2B6F /* Sources */ = {
			isa = PBXSourcesBuildPhase;
			buildActionMask = 2147483647;
			files = (
				78E1C5741F17A7B100904364 /* CarsScreen.swift in Sources */,
				78DDFB161F17F5F7009D3623 /* CarsChoose.swift in Sources */,
				78DDFB0E1F17E207009D3623 /* DriverCreateScreen.swift in Sources */,
				78DDFB191F17FB3F009D3623 /* Database.swift in Sources */,
				78E1C5991F17CE1900904364 /* CarsCreateScreen.swift in Sources */,
				78E1C5801F17ADC200904364 /* Cells.swift in Sources */,
				78DDFB1F1F180A31009D3623 /* Result.swift in Sources */,
				78E1C5881F17BEE200904364 /* DriversScreen.swift in Sources */,
				78E1C5941F17C37B00904364 /* DriverInfoCell.swift in Sources */,
				78E1C5691F179D1C00904364 /* Storyboards.swift in Sources */,
				78E1C5791F17A99D00904364 /* CarsInfo.swift in Sources */,
				785979391F191BC200259841 /* ArrayExt.swift in Sources */,
				78DC78931F1795CA006C2B6F /* ViewController.swift in Sources */,
				78DC78911F1795CA006C2B6F /* AppDelegate.swift in Sources */,
				785979371F190CD900259841 /* UIImageExt.swift in Sources */,
				78E1C57D1F17AB5A00904364 /* CarsInfoCell.swift in Sources */,
				780C92841F179BE800F8F845 /* Functions.swift in Sources */,
				78E1C58A1F17BFBA00904364 /* DriverInfo.swift in Sources */,
			);
			runOnlyForDeploymentPostprocessing = 0;
		};
		78DC789D1F1795CA006C2B6F /* Sources */ = {
			isa = PBXSourcesBuildPhase;
			buildActionMask = 2147483647;
			files = (
				78DC78A61F1795CA006C2B6F /* TestMKTests.swift in Sources */,
			);
			runOnlyForDeploymentPostprocessing = 0;
		};
/* End PBXSourcesBuildPhase section */

/* Begin PBXTargetDependency section */
		785979441F19451A00259841 /* PBXTargetDependency */ = {
			isa = PBXTargetDependency;
			target = 78DC788C1F1795CA006C2B6F /* TestMK */;
			targetProxy = 785979431F19451A00259841 /* PBXContainerItemProxy */;
		};
		78DC78A31F1795CA006C2B6F /* PBXTargetDependency */ = {
			isa = PBXTargetDependency;
			target = 78DC788C1F1795CA006C2B6F /* TestMK */;
			targetProxy = 78DC78A21F1795CA006C2B6F /* PBXContainerItemProxy */;
		};
/* End PBXTargetDependency section */

/* Begin PBXVariantGroup section */
		78DC78941F1795CA006C2B6F /* Main.storyboard */ = {
			isa = PBXVariantGroup;
			children = (
				78DC78951F1795CA006C2B6F /* Base */,
			);
			name = Main.storyboard;
			sourceTree = "<group>";
		};
		78DC78991F1795CA006C2B6F /* LaunchScreen.storyboard */ = {
			isa = PBXVariantGroup;
			children = (
				78DC789A1F1795CA006C2B6F /* Base */,
			);
			name = LaunchScreen.storyboard;
			sourceTree = "<group>";
		};
/* End PBXVariantGroup section */

/* Begin XCBuildConfiguration section */
		785979451F19451A00259841 /* Debug */ = {
			isa = XCBuildConfiguration;
			buildSettings = {
				DEVELOPMENT_TEAM = "";
				INFOPLIST_FILE = TestMKUITests/Info.plist;
				LD_RUNPATH_SEARCH_PATHS = "$(inherited) @executable_path/Frameworks @loader_path/Frameworks";
				PRODUCT_BUNDLE_IDENTIFIER = test.mk.TestMKUITests;
				PRODUCT_NAME = "$(TARGET_NAME)";
				PROVISIONING_PROFILE_SPECIFIER = "";
				SWIFT_VERSION = 3.0;
				TEST_TARGET_NAME = TestMK;
			};
			name = Debug;
		};
		785979461F19451A00259841 /* Release */ = {
			isa = XCBuildConfiguration;
			buildSettings = {
				DEVELOPMENT_TEAM = "";
				INFOPLIST_FILE = TestMKUITests/Info.plist;
				LD_RUNPATH_SEARCH_PATHS = "$(inherited) @executable_path/Frameworks @loader_path/Frameworks";
				PRODUCT_BUNDLE_IDENTIFIER = test.mk.TestMKUITests;
				PRODUCT_NAME = "$(TARGET_NAME)";
				PROVISIONING_PROFILE_SPECIFIER = "";
				SWIFT_VERSION = 3.0;
				TEST_TARGET_NAME = TestMK;
			};
			name = Release;
		};
		78DC78A81F1795CA006C2B6F /* Debug */ = {
			isa = XCBuildConfiguration;
			buildSettings = {
				ALWAYS_SEARCH_USER_PATHS = NO;
				CLANG_ANALYZER_NONNULL = YES;
				CLANG_ANALYZER_NUMBER_OBJECT_CONVERSION = YES_AGGRESSIVE;
				CLANG_CXX_LANGUAGE_STANDARD = "gnu++0x";
				CLANG_CXX_LIBRARY = "libc++";
				CLANG_ENABLE_MODULES = YES;
				CLANG_ENABLE_OBJC_ARC = YES;
				CLANG_WARN_BOOL_CONVERSION = YES;
				CLANG_WARN_CONSTANT_CONVERSION = YES;
				CLANG_WARN_DIRECT_OBJC_ISA_USAGE = YES_ERROR;
				CLANG_WARN_DOCUMENTATION_COMMENTS = YES;
				CLANG_WARN_EMPTY_BODY = YES;
				CLANG_WARN_ENUM_CONVERSION = YES;
				CLANG_WARN_INFINITE_RECURSION = YES;
				CLANG_WARN_INT_CONVERSION = YES;
				CLANG_WARN_OBJC_ROOT_CLASS = YES_ERROR;
				CLANG_WARN_SUSPICIOUS_MOVE = YES;
				CLANG_WARN_UNREACHABLE_CODE = YES;
				CLANG_WARN__DUPLICATE_METHOD_MATCH = YES;
				"CODE_SIGN_IDENTITY[sdk=iphoneos*]" = "iPhone Developer";
				COPY_PHASE_STRIP = NO;
				DEBUG_INFORMATION_FORMAT = dwarf;
				ENABLE_STRICT_OBJC_MSGSEND = YES;
				ENABLE_TESTABILITY = YES;
				GCC_C_LANGUAGE_STANDARD = gnu99;
				GCC_DYNAMIC_NO_PIC = NO;
				GCC_NO_COMMON_BLOCKS = YES;
				GCC_OPTIMIZATION_LEVEL = 0;
				GCC_PREPROCESSOR_DEFINITIONS = (
					"DEBUG=1",
					"$(inherited)",
				);
				GCC_WARN_64_TO_32_BIT_CONVERSION = YES;
				GCC_WARN_ABOUT_RETURN_TYPE = YES_ERROR;
				GCC_WARN_UNDECLARED_SELECTOR = YES;
				GCC_WARN_UNINITIALIZED_AUTOS = YES_AGGRESSIVE;
				GCC_WARN_UNUSED_FUNCTION = YES;
				GCC_WARN_UNUSED_VARIABLE = YES;
				IPHONEOS_DEPLOYMENT_TARGET = 10.3;
				MTL_ENABLE_DEBUG_INFO = YES;
				ONLY_ACTIVE_ARCH = YES;
				SDKROOT = iphoneos;
				SWIFT_ACTIVE_COMPILATION_CONDITIONS = DEBUG;
				SWIFT_OPTIMIZATION_LEVEL = "-Onone";
			};
			name = Debug;
		};
		78DC78A91F1795CA006C2B6F /* Release */ = {
			isa = XCBuildConfiguration;
			buildSettings = {
				ALWAYS_SEARCH_USER_PATHS = NO;
				CLANG_ANALYZER_NONNULL = YES;
				CLANG_ANALYZER_NUMBER_OBJECT_CONVERSION = YES_AGGRESSIVE;
				CLANG_CXX_LANGUAGE_STANDARD = "gnu++0x";
				CLANG_CXX_LIBRARY = "libc++";
				CLANG_ENABLE_MODULES = YES;
				CLANG_ENABLE_OBJC_ARC = YES;
				CLANG_WARN_BOOL_CONVERSION = YES;
				CLANG_WARN_CONSTANT_CONVERSION = YES;
				CLANG_WARN_DIRECT_OBJC_ISA_USAGE = YES_ERROR;
				CLANG_WARN_DOCUMENTATION_COMMENTS = YES;
				CLANG_WARN_EMPTY_BODY = YES;
				CLANG_WARN_ENUM_CONVERSION = YES;
				CLANG_WARN_INFINITE_RECURSION = YES;
				CLANG_WARN_INT_CONVERSION = YES;
				CLANG_WARN_OBJC_ROOT_CLASS = YES_ERROR;
				CLANG_WARN_SUSPICIOUS_MOVE = YES;
				CLANG_WARN_UNREACHABLE_CODE = YES;
				CLANG_WARN__DUPLICATE_METHOD_MATCH = YES;
				"CODE_SIGN_IDENTITY[sdk=iphoneos*]" = "iPhone Developer";
				COPY_PHASE_STRIP = NO;
				DEBUG_INFORMATION_FORMAT = "dwarf-with-dsym";
				ENABLE_NS_ASSERTIONS = NO;
				ENABLE_STRICT_OBJC_MSGSEND = YES;
				GCC_C_LANGUAGE_STANDARD = gnu99;
				GCC_NO_COMMON_BLOCKS = YES;
				GCC_WARN_64_TO_32_BIT_CONVERSION = YES;
				GCC_WARN_ABOUT_RETURN_TYPE = YES_ERROR;
				GCC_WARN_UNDECLARED_SELECTOR = YES;
				GCC_WARN_UNINITIALIZED_AUTOS = YES_AGGRESSIVE;
				GCC_WARN_UNUSED_FUNCTION = YES;
				GCC_WARN_UNUSED_VARIABLE = YES;
				IPHONEOS_DEPLOYMENT_TARGET = 10.3;
				MTL_ENABLE_DEBUG_INFO = NO;
				SDKROOT = iphoneos;
				SWIFT_OPTIMIZATION_LEVEL = "-Owholemodule";
				VALIDATE_PRODUCT = YES;
			};
			name = Release;
		};
		78DC78AB1F1795CA006C2B6F /* Debug */ = {
			isa = XCBuildConfiguration;
			baseConfigurationReference = 852424CE6FAEBF53A965C8F3 /* Pods-TestMK.debug.xcconfig */;
			buildSettings = {
				ASSETCATALOG_COMPILER_APPICON_NAME = AppIcon;
				CLANG_ENABLE_MODULES = YES;
				DEVELOPMENT_TEAM = "";
				INFOPLIST_FILE = TestMK/Info.plist;
				IPHONEOS_DEPLOYMENT_TARGET = 9.0;
				LD_RUNPATH_SEARCH_PATHS = "$(inherited) @executable_path/Frameworks";
				PRODUCT_BUNDLE_IDENTIFIER = test.mk.TestMK;
				PRODUCT_NAME = "$(TARGET_NAME)";
				PROVISIONING_PROFILE_SPECIFIER = "";
				SWIFT_OBJC_BRIDGING_HEADER = "TestMK/TestMK-Bridging-Header.h";
				SWIFT_OPTIMIZATION_LEVEL = "-Onone";
				SWIFT_VERSION = 3.0;
			};
			name = Debug;
		};
		78DC78AC1F1795CA006C2B6F /* Release */ = {
			isa = XCBuildConfiguration;
			baseConfigurationReference = BA29615070E90A12F6137D24 /* Pods-TestMK.release.xcconfig */;
			buildSettings = {
				ASSETCATALOG_COMPILER_APPICON_NAME = AppIcon;
				CLANG_ENABLE_MODULES = YES;
				DEVELOPMENT_TEAM = "";
				INFOPLIST_FILE = TestMK/Info.plist;
				IPHONEOS_DEPLOYMENT_TARGET = 9.0;
				LD_RUNPATH_SEARCH_PATHS = "$(inherited) @executable_path/Frameworks";
				PRODUCT_BUNDLE_IDENTIFIER = test.mk.TestMK;
				PRODUCT_NAME = "$(TARGET_NAME)";
				PROVISIONING_PROFILE_SPECIFIER = "";
				SWIFT_OBJC_BRIDGING_HEADER = "TestMK/TestMK-Bridging-Header.h";
				SWIFT_VERSION = 3.0;
			};
			name = Release;
		};
		78DC78AE1F1795CA006C2B6F /* Debug */ = {
			isa = XCBuildConfiguration;
			baseConfigurationReference = 28E7FF8F73A5EB04F4311CE4 /* Pods-TestMKTests.debug.xcconfig */;
			buildSettings = {
				ALWAYS_EMBED_SWIFT_STANDARD_LIBRARIES = YES;
				BUNDLE_LOADER = "$(TEST_HOST)";
				INFOPLIST_FILE = TestMKTests/Info.plist;
				LD_RUNPATH_SEARCH_PATHS = "$(inherited) @executable_path/Frameworks @loader_path/Frameworks";
				PRODUCT_BUNDLE_IDENTIFIER = test.mk.TestMKTests;
				PRODUCT_NAME = "$(TARGET_NAME)";
				SWIFT_VERSION = 3.0;
				TEST_HOST = "$(BUILT_PRODUCTS_DIR)/TestMK.app/TestMK";
			};
			name = Debug;
		};
		78DC78AF1F1795CA006C2B6F /* Release */ = {
			isa = XCBuildConfiguration;
			baseConfigurationReference = DEADA3A29940339BDE6831C4 /* Pods-TestMKTests.release.xcconfig */;
			buildSettings = {
				ALWAYS_EMBED_SWIFT_STANDARD_LIBRARIES = YES;
				BUNDLE_LOADER = "$(TEST_HOST)";
				INFOPLIST_FILE = TestMKTests/Info.plist;
				LD_RUNPATH_SEARCH_PATHS = "$(inherited) @executable_path/Frameworks @loader_path/Frameworks";
				PRODUCT_BUNDLE_IDENTIFIER = test.mk.TestMKTests;
				PRODUCT_NAME = "$(TARGET_NAME)";
				SWIFT_VERSION = 3.0;
				TEST_HOST = "$(BUILT_PRODUCTS_DIR)/TestMK.app/TestMK";
			};
			name = Release;
		};
/* End XCBuildConfiguration section */

/* Begin XCConfigurationList section */
		785979471F19451A00259841 /* Build configuration list for PBXNativeTarget "TestMKUITests" */ = {
			isa = XCConfigurationList;
			buildConfigurations = (
				785979451F19451A00259841 /* Debug */,
				785979461F19451A00259841 /* Release */,
			);
			defaultConfigurationIsVisible = 0;
		};
		78DC78881F1795CA006C2B6F /* Build configuration list for PBXProject "TestMK" */ = {
			isa = XCConfigurationList;
			buildConfigurations = (
				78DC78A81F1795CA006C2B6F /* Debug */,
				78DC78A91F1795CA006C2B6F /* Release */,
			);
			defaultConfigurationIsVisible = 0;
			defaultConfigurationName = Release;
		};
		78DC78AA1F1795CA006C2B6F /* Build configuration list for PBXNativeTarget "TestMK" */ = {
			isa = XCConfigurationList;
			buildConfigurations = (
				78DC78AB1F1795CA006C2B6F /* Debug */,
				78DC78AC1F1795CA006C2B6F /* Release */,
			);
			defaultConfigurationIsVisible = 0;
			defaultConfigurationName = Release;
		};
		78DC78AD1F1795CA006C2B6F /* Build configuration list for PBXNativeTarget "TestMKTests" */ = {
			isa = XCConfigurationList;
			buildConfigurations = (
				78DC78AE1F1795CA006C2B6F /* Debug */,
				78DC78AF1F1795CA006C2B6F /* Release */,
			);
			defaultConfigurationIsVisible = 0;
			defaultConfigurationName = Release;
		};
/* End XCConfigurationList section */
	};
	rootObject = 78DC78851F1795CA006C2B6F /* Project object */;
}
